
Microsoft Visual Studio Solution File, Format Version 12.00
# Visual Studio Version 17
VisualStudioVersion = 17.9.34607.119
MinimumVisualStudioVersion = 10.0.40219.1
Project("{FAE04EC0-301F-11D3-BF4B-00C04F79EFBC}") = "GGDeals", "GGDeals\GGDeals.csproj", "{4FDF1E89-5BC3-4C72-8FDA-0D580E7A5D5F}"
EndProject
Project("{FAE04EC0-301F-11D3-BF4B-00C04F79EFBC}") = "GGDeals.UnitTests", "GGDeals.UnitTests\GGDeals.UnitTests.csproj", "{6D7A45D8-7FFA-40A0-A665-E8FDD2DCC823}"
EndProject
Project("{2150E333-8FDC-42A3-9474-1A3956D46DE8}") = "SolutionItems", "SolutionItems", "{085C4782-3247-4717-A3FE-24BDDF5A6B36}"
	ProjectSection(SolutionItems) = preProject
		.gitignore = .gitignore
		GGDeals.sln.DotSettings = GGDeals.sln.DotSettings
		README.md = README.md
	EndProjectSection
EndProject
Project("{FAE04EC0-301F-11D3-BF4B-00C04F79EFBC}") = "GGDeals.IntegrationTests", "GGDeals.IntegrationTests\GGDeals.IntegrationTests.csproj", "{225117BF-BFD9-4837-B980-F4D201DF3C77}"
EndProject
Project("{FAE04EC0-301F-11D3-BF4B-00C04F79EFBC}") = "TestTools.Shared", "TestTools.Shared\TestTools.Shared.csproj", "{53B7484B-BE62-481C-90D3-1E75E18250E3}"
EndProject
Global
	GlobalSection(SolutionConfigurationPlatforms) = preSolution
		Debug|Any CPU = Debug|Any CPU
		Release|Any CPU = Release|Any CPU
	EndGlobalSection
	GlobalSection(ProjectConfigurationPlatforms) = postSolution
		{4FDF1E89-5BC3-4C72-8FDA-0D580E7A5D5F}.Debug|Any CPU.ActiveCfg = Debug|Any CPU
		{4FDF1E89-5BC3-4C72-8FDA-0D580E7A5D5F}.Debug|Any CPU.Build.0 = Debug|Any CPU
		{4FDF1E89-5BC3-4C72-8FDA-0D580E7A5D5F}.Release|Any CPU.ActiveCfg = Release|Any CPU
		{4FDF1E89-5BC3-4C72-8FDA-0D580E7A5D5F}.Release|Any CPU.Build.0 = Release|Any CPU
		{6D7A45D8-7FFA-40A0-A665-E8FDD2DCC823}.Debug|Any CPU.ActiveCfg = Debug|Any CPU
		{6D7A45D8-7FFA-40A0-A665-E8FDD2DCC823}.Debug|Any CPU.Build.0 = Debug|Any CPU
		{6D7A45D8-7FFA-40A0-A665-E8FDD2DCC823}.Release|Any CPU.ActiveCfg = Release|Any CPU
		{6D7A45D8-7FFA-40A0-A665-E8FDD2DCC823}.Release|Any CPU.Build.0 = Release|Any CPU
		{225117BF-BFD9-4837-B980-F4D201DF3C77}.Debug|Any CPU.ActiveCfg = Debug|Any CPU
		{225117BF-BFD9-4837-B980-F4D201DF3C77}.Debug|Any CPU.Build.0 = Debug|Any CPU
		{225117BF-BFD9-4837-B980-F4D201DF3C77}.Release|Any CPU.ActiveCfg = Release|Any CPU
		{225117BF-BFD9-4837-B980-F4D201DF3C77}.Release|Any CPU.Build.0 = Release|Any CPU
		{53B7484B-BE62-481C-90D3-1E75E18250E3}.Debug|Any CPU.ActiveCfg = Debug|Any CPU
		{53B7484B-BE62-481C-90D3-1E75E18250E3}.Debug|Any CPU.Build.0 = Debug|Any CPU
		{53B7484B-BE62-481C-90D3-1E75E18250E3}.Release|Any CPU.ActiveCfg = Release|Any CPU
		{53B7484B-BE62-481C-90D3-1E75E18250E3}.Release|Any CPU.Build.0 = Release|Any CPU
	EndGlobalSection
	GlobalSection(SolutionProperties) = preSolution
		HideSolutionNode = FALSE
	EndGlobalSection
	GlobalSection(ExtensibilityGlobals) = postSolution
		SolutionGuid = {620DAE38-0360-4A4F-A05E-7FE07CD0E592}
	EndGlobalSection
EndGlobal
